// !$*UTF8*$!
{
	archiveVersion = 1;
	classes = {
	};
	objectVersion = 46;
	objects = {

/* Begin PBXBuildFile section */
		46358BDD1BA71F390014EE13 /* AppDelegate.swift in Sources */ = {isa = PBXBuildFile; fileRef = 46358BDC1BA71F390014EE13 /* AppDelegate.swift */; };
		46358BDF1BA71F390014EE13 /* ViewController.swift in Sources */ = {isa = PBXBuildFile; fileRef = 46358BDE1BA71F390014EE13 /* ViewController.swift */; };
		46358BE21BA71F390014EE13 /* Main.storyboard in Resources */ = {isa = PBXBuildFile; fileRef = 46358BE01BA71F390014EE13 /* Main.storyboard */; };
		46358BE41BA71F390014EE13 /* Images.xcassets in Resources */ = {isa = PBXBuildFile; fileRef = 46358BE31BA71F390014EE13 /* Images.xcassets */; };
		46358BE71BA71F390014EE13 /* LaunchScreen.xib in Resources */ = {isa = PBXBuildFile; fileRef = 46358BE51BA71F390014EE13 /* LaunchScreen.xib */; };
		46358BF31BA71F390014EE13 /* BuddiesTests.swift in Sources */ = {isa = PBXBuildFile; fileRef = 46358BF21BA71F390014EE13 /* BuddiesTests.swift */; };
/* End PBXBuildFile section */

/* Begin PBXContainerItemProxy section */
		46358BED1BA71F390014EE13 /* PBXContainerItemProxy */ = {
			isa = PBXContainerItemProxy;
			containerPortal = 46358BCF1BA71F390014EE13 /* Project object */;
			proxyType = 1;
			remoteGlobalIDString = 46358BD61BA71F390014EE13;
			remoteInfo = Buddies;
		};
/* End PBXContainerItemProxy section */

/* Begin PBXFileReference section */
		46358BD71BA71F390014EE13 /* Buddies.app */ = {isa = PBXFileReference; explicitFileType = wrapper.application; includeInIndex = 0; path = Buddies.app; sourceTree = BUILT_PRODUCTS_DIR; };
		46358BDB1BA71F390014EE13 /* Info.plist */ = {isa = PBXFileReference; lastKnownFileType = text.plist.xml; path = Info.plist; sourceTree = "<group>"; };
		46358BDC1BA71F390014EE13 /* AppDelegate.swift */ = {isa = PBXFileReference; lastKnownFileType = sourcecode.swift; path = AppDelegate.swift; sourceTree = "<group>"; };
		46358BDE1BA71F390014EE13 /* ViewController.swift */ = {isa = PBXFileReference; lastKnownFileType = sourcecode.swift; path = ViewController.swift; sourceTree = "<group>"; };
		46358BE11BA71F390014EE13 /* Base */ = {isa = PBXFileReference; lastKnownFileType = file.storyboard; name = Base; path = Base.lproj/Main.storyboard; sourceTree = "<group>"; };
		46358BE31BA71F390014EE13 /* Images.xcassets */ = {isa = PBXFileReference; lastKnownFileType = folder.assetcatalog; path = Images.xcassets; sourceTree = "<group>"; };
		46358BE61BA71F390014EE13 /* Base */ = {isa = PBXFileReference; lastKnownFileType = file.xib; name = Base; path = Base.lproj/LaunchScreen.xib; sourceTree = "<group>"; };
		46358BEC1BA71F390014EE13 /* BuddiesTests.xctest */ = {isa = PBXFileReference; explicitFileType = wrapper.cfbundle; includeInIndex = 0; path = BuddiesTests.xctest; sourceTree = BUILT_PRODUCTS_DIR; };
		46358BF11BA71F390014EE13 /* Info.plist */ = {isa = PBXFileReference; lastKnownFileType = text.plist.xml; path = Info.plist; sourceTree = "<group>"; };
		46358BF21BA71F390014EE13 /* BuddiesTests.swift */ = {isa = PBXFileReference; lastKnownFileType = sourcecode.swift; path = BuddiesTests.swift; sourceTree = "<group>"; };
/* End PBXFileReference section */

/* Begin PBXFrameworksBuildPhase section */
		46358BD41BA71F390014EE13 /* Frameworks */ = {
			isa = PBXFrameworksBuildPhase;
			buildActionMask = 2147483647;
			files = (
			);
			runOnlyForDeploymentPostprocessing = 0;
		};
		46358BE91BA71F390014EE13 /* Frameworks */ = {
			isa = PBXFrameworksBuildPhase;
			buildActionMask = 2147483647;
			files = (
			);
			runOnlyForDeploymentPostprocessing = 0;
		};
/* End PBXFrameworksBuildPhase section */

/* Begin PBXGroup section */
		46358BCE1BA71F390014EE13 = {
			isa = PBXGroup;
			children = (
				46358BD91BA71F390014EE13 /* Buddies */,
				46358BEF1BA71F390014EE13 /* BuddiesTests */,
				46358BD81BA71F390014EE13 /* Products */,
			);
			sourceTree = "<group>";
		};
		46358BD81BA71F390014EE13 /* Products */ = {
			isa = PBXGroup;
			children = (
				46358BD71BA71F390014EE13 /* Buddies.app */,
				46358BEC1BA71F390014EE13 /* BuddiesTests.xctest */,
			);
			name = Products;
			sourceTree = "<group>";
		};
		46358BD91BA71F390014EE13 /* Buddies */ = {
			isa = PBXGroup;
			children = (
				46358BDC1BA71F390014EE13 /* AppDelegate.swift */,
				46358BDE1BA71F390014EE13 /* ViewController.swift */,
				46358BE01BA71F390014EE13 /* Main.storyboard */,
				46358BE31BA71F390014EE13 /* Images.xcassets */,
				46358BE51BA71F390014EE13 /* LaunchScreen.xib */,
				46358BDA1BA71F390014EE13 /* Supporting Files */,
			);
			path = Buddies;
			sourceTree = "<group>";
		};
		46358BDA1BA71F390014EE13 /* Supporting Files */ = {
			isa = PBXGroup;
			children = (
				46358BDB1BA71F390014EE13 /* Info.plist */,
			);
			name = "Supporting Files";
			sourceTree = "<group>";
		};
		46358BEF1BA71F390014EE13 /* BuddiesTests */ = {
			isa = PBXGroup;
			children = (
				46358BF21BA71F390014EE13 /* BuddiesTests.swift */,
				46358BF01BA71F390014EE13 /* Supporting Files */,
			);
			path = BuddiesTests;
			sourceTree = "<group>";
		};
		46358BF01BA71F390014EE13 /* Supporting Files */ = {
			isa = PBXGroup;
			children = (
				46358BF11BA71F390014EE13 /* Info.plist */,
			);
			name = "Supporting Files";
			sourceTree = "<group>";
		};
/* End PBXGroup section */

/* Begin PBXNativeTarget section */
		46358BD61BA71F390014EE13 /* Buddies */ = {
			isa = PBXNativeTarget;
			buildConfigurationList = 46358BF61BA71F390014EE13 /* Build configuration list for PBXNativeTarget "Buddies" */;
			buildPhases = (
				46358BD31BA71F390014EE13 /* Sources */,
				46358BD41BA71F390014EE13 /* Frameworks */,
				46358BD51BA71F390014EE13 /* Resources */,
			);
			buildRules = (
			);
			dependencies = (
			);
			name = Buddies;
			productName = Buddies;
			productReference = 46358BD71BA71F390014EE13 /* Buddies.app */;
			productType = "com.apple.product-type.application";
		};
		46358BEB1BA71F390014EE13 /* BuddiesTests */ = {
			isa = PBXNativeTarget;
			buildConfigurationList = 46358BF91BA71F390014EE13 /* Build configuration list for PBXNativeTarget "BuddiesTests" */;
			buildPhases = (
				46358BE81BA71F390014EE13 /* Sources */,
				46358BE91BA71F390014EE13 /* Frameworks */,
				46358BEA1BA71F390014EE13 /* Resources */,
			);
			buildRules = (
			);
			dependencies = (
				46358BEE1BA71F390014EE13 /* PBXTargetDependency */,
			);
			name = BuddiesTests;
			productName = BuddiesTests;
			productReference = 46358BEC1BA71F390014EE13 /* BuddiesTests.xctest */;
			productType = "com.apple.product-type.bundle.unit-test";
		};
/* End PBXNativeTarget section */

/* Begin PBXProject section */
		46358BCF1BA71F390014EE13 /* Project object */ = {
			isa = PBXProject;
			attributes = {
				LastUpgradeCheck = 0640;
				ORGANIZATIONNAME = Dinosaur;
				TargetAttributes = {
					46358BD61BA71F390014EE13 = {
						CreatedOnToolsVersion = 6.4;
					};
					46358BEB1BA71F390014EE13 = {
						CreatedOnToolsVersion = 6.4;
						TestTargetID = 46358BD61BA71F390014EE13;
					};
				};
			};
			buildConfigurationList = 46358BD21BA71F390014EE13 /* Build configuration list for PBXProject "Buddies" */;
			compatibilityVersion = "Xcode 3.2";
			developmentRegion = English;
			hasScannedForEncodings = 0;
			knownRegions = (
				en,
				Base,
			);
			mainGroup = 46358BCE1BA71F390014EE13;
			productRefGroup = 46358BD81BA71F390014EE13 /* Products */;
			projectDirPath = "";
			projectRoot = "";
			targets = (
				46358BD61BA71F390014EE13 /* Buddies */,
				46358BEB1BA71F390014EE13 /* BuddiesTests */,
			);
		};
/* End PBXProject section */

/* Begin PBXResourcesBuildPhase section */
		46358BD51BA71F390014EE13 /* Resources */ = {
			isa = PBXResourcesBuildPhase;
			buildActionMask = 2147483647;
			files = (
				46358BE21BA71F390014EE13 /* Main.storyboard in Resources */,
				46358BE71BA71F390014EE13 /* LaunchScreen.xib in Resources */,
				46358BE41BA71F390014EE13 /* Images.xcassets in Resources */,
			);
			runOnlyForDeploymentPostprocessing = 0;
		};
		46358BEA1BA71F390014EE13 /* Resources */ = {
			isa = PBXResourcesBuildPhase;
			buildActionMask = 2147483647;
			files = (
			);
			runOnlyForDeploymentPostprocessing = 0;
		};
/* End PBXResourcesBuildPhase section */

/* Begin PBXSourcesBuildPhase section */
		46358BD31BA71F390014EE13 /* Sources */ = {
			isa = PBXSourcesBuildPhase;
			buildActionMask = 2147483647;
			files = (
				46358BDF1BA71F390014EE13 /* ViewController.swift in Sources */,
				46358BDD1BA71F390014EE13 /* AppDelegate.swift in Sources */,
			);
			runOnlyForDeploymentPostprocessing = 0;
		};
		46358BE81BA71F390014EE13 /* Sources */ = {
			isa = PBXSourcesBuildPhase;
			buildActionMask = 2147483647;
			files = (
				46358BF31BA71F390014EE13 /* BuddiesTests.swift in Sources */,
			);
			runOnlyForDeploymentPostprocessing = 0;
		};
/* End PBXSourcesBuildPhase section */

/* Begin PBXTargetDependency section */
		46358BEE1BA71F390014EE13 /* PBXTargetDependency */ = {
			isa = PBXTargetDependency;
			target = 46358BD61BA71F390014EE13 /* Buddies */;
			targetProxy = 46358BED1BA71F390014EE13 /* PBXContainerItemProxy */;
		};
/* End PBXTargetDependency section */

/* Begin PBXVariantGroup section */
		46358BE01BA71F390014EE13 /* Main.storyboard */ = {
			isa = PBXVariantGroup;
			children = (
				46358BE11BA71F390014EE13 /* Base */,
			);
			name = Main.storyboard;
			sourceTree = "<group>";
		};
		46358BE51BA71F390014EE13 /* LaunchScreen.xib */ = {
			isa = PBXVariantGroup;
			children = (
				46358BE61BA71F390014EE13 /* Base */,
			);
			name = LaunchScreen.xib;
			sourceTree = "<group>";
		};
/* End PBXVariantGroup section */

/* Begin XCBuildConfiguration section */
		46358BF41BA71F390014EE13 /* Debug */ = {
			isa = XCBuildConfiguration;
			buildSettings = {
				ALWAYS_SEARCH_USER_PATHS = NO;
				CLANG_CXX_LANGUAGE_STANDARD = "gnu++0x";
				CLANG_CXX_LIBRARY = "libc++";
				CLANG_ENABLE_MODULES = YES;
				CLANG_ENABLE_OBJC_ARC = YES;
				CLANG_WARN_BOOL_CONVERSION = YES;
				CLANG_WARN_CONSTANT_CONVERSION = YES;
				CLANG_WARN_DIRECT_OBJC_ISA_USAGE = YES_ERROR;
				CLANG_WARN_EMPTY_BODY = YES;
				CLANG_WARN_ENUM_CONVERSION = YES;
				CLANG_WARN_INT_CONVERSION = YES;
				CLANG_WARN_OBJC_ROOT_CLASS = YES_ERROR;
				CLANG_WARN_UNREACHABLE_CODE = YES;
				CLANG_WARN__DUPLICATE_METHOD_MATCH = YES;
				"CODE_SIGN_IDENTITY[sdk=iphoneos*]" = "iPhone Developer";
				COPY_PHASE_STRIP = NO;
				DEBUG_INFORMATION_FORMAT = "dwarf-with-dsym";
				ENABLE_STRICT_OBJC_MSGSEND = YES;
				GCC_C_LANGUAGE_STANDARD = gnu99;
				GCC_DYNAMIC_NO_PIC = NO;
				GCC_NO_COMMON_BLOCKS = YES;
				GCC_OPTIMIZATION_LEVEL = 0;
				GCC_PREPROCESSOR_DEFINITIONS = (
					"DEBUG=1",
					"$(inherited)",
				);
				GCC_SYMBOLS_PRIVATE_EXTERN = NO;
				GCC_WARN_64_TO_32_BIT_CONVERSION = YES;
				GCC_WARN_ABOUT_RETURN_TYPE = YES_ERROR;
				GCC_WARN_UNDECLARED_SELECTOR = YES;
				GCC_WARN_UNINITIALIZED_AUTOS = YES_AGGRESSIVE;
				GCC_WARN_UNUSED_FUNCTION = YES;
				GCC_WARN_UNUSED_VARIABLE = YES;
				IPHONEOS_DEPLOYMENT_TARGET = 8.4;
				MTL_ENABLE_DEBUG_INFO = YES;
				ONLY_ACTIVE_ARCH = YES;
				SDKROOT = iphoneos;
				SWIFT_OPTIMIZATION_LEVEL = "-Onone";
			};
			name = Debug;
		};
		46358BF51BA71F390014EE13 /* Release */ = {
			isa = XCBuildConfiguration;
			buildSettings = {
				ALWAYS_SEARCH_USER_PATHS = NO;
				CLANG_CXX_LANGUAGE_STANDARD = "gnu++0x";
				CLANG_CXX_LIBRARY = "libc++";
				CLANG_ENABLE_MODULES = YES;
				CLANG_ENABLE_OBJC_ARC = YES;
				CLANG_WARN_BOOL_CONVERSION = YES;
				CLANG_WARN_CONSTANT_CONVERSION = YES;
				CLANG_WARN_DIRECT_OBJC_ISA_USAGE = YES_ERROR;
				CLANG_WARN_EMPTY_BODY = YES;
				CLANG_WARN_ENUM_CONVERSION = YES;
				CLANG_WARN_INT_CONVERSION = YES;
				CLANG_WARN_OBJC_ROOT_CLASS = YES_ERROR;
				CLANG_WARN_UNREACHABLE_CODE = YES;
				CLANG_WARN__DUPLICATE_METHOD_MATCH = YES;
				"CODE_SIGN_IDENTITY[sdk=iphoneos*]" = "iPhone Developer";
				COPY_PHASE_STRIP = NO;
				DEBUG_INFORMATION_FORMAT = "dwarf-with-dsym";
				ENABLE_NS_ASSERTIONS = NO;
				ENABLE_STRICT_OBJC_MSGSEND = YES;
				GCC_C_LANGUAGE_STANDARD = gnu99;
				GCC_NO_COMMON_BLOCKS = YES;
				GCC_WARN_64_TO_32_BIT_CONVERSION = YES;
				GCC_WARN_ABOUT_RETURN_TYPE = YES_ERROR;
				GCC_WARN_UNDECLARED_SELECTOR = YES;
				GCC_WARN_UNINITIALIZED_AUTOS = YES_AGGRESSIVE;
				GCC_WARN_UNUSED_FUNCTION = YES;
				GCC_WARN_UNUSED_VARIABLE = YES;
				IPHONEOS_DEPLOYMENT_TARGET = 8.4;
				MTL_ENABLE_DEBUG_INFO = NO;
				SDKROOT = iphoneos;
				VALIDATE_PRODUCT = YES;
			};
			name = Release;
		};
		46358BF71BA71F390014EE13 /* Debug */ = {
			isa = XCBuildConfiguration;
			buildSettings = {
				ASSETCATALOG_COMPILER_APPICON_NAME = AppIcon;
				INFOPLIST_FILE = Buddies/Info.plist;
				LD_RUNPATH_SEARCH_PATHS = "$(inherited) @executable_path/Frameworks";
				PRODUCT_NAME = "$(TARGET_NAME)";
			};
			name = Debug;
		};
		46358BF81BA71F390014EE13 /* Release */ = {
			isa = XCBuildConfiguration;
			buildSettings = {
				ASSETCATALOG_COMPILER_APPICON_NAME = AppIcon;
				INFOPLIST_FILE = Buddies/Info.plist;
				LD_RUNPATH_SEARCH_PATHS = "$(inherited) @executable_path/Frameworks";
				PRODUCT_NAME = "$(TARGET_NAME)";
			};
			name = Release;
		};
		46358BFA1BA71F390014EE13 /* Debug */ = {
			isa = XCBuildConfiguration;
			buildSettings = {
				BUNDLE_LOADER = "$(TEST_HOST)";
				FRAMEWORK_SEARCH_PATHS = (
					"$(SDKROOT)/Developer/Library/Frameworks",
					"$(inherited)",
				);
				GCC_PREPROCESSOR_DEFINITIONS = (
					"DEBUG=1",
					"$(inherited)",
				);
				INFOPLIST_FILE = BuddiesTests/Info.plist;
				LD_RUNPATH_SEARCH_PATHS = "$(inherited) @executable_path/Frameworks @loader_path/Frameworks";
				PRODUCT_NAME = "$(TARGET_NAME)";
				TEST_HOST = "$(BUILT_PRODUCTS_DIR)/Buddies.app/Buddies";
			};
			name = Debug;
		};
		46358BFB1BA71F390014EE13 /* Release */ = {
			isa = XCBuildConfiguration;
			buildSettings = {
				BUNDLE_LOADER = "$(TEST_HOST)";
				FRAMEWORK_SEARCH_PATHS = (
					"$(SDKROOT)/Developer/Library/Frameworks",
					"$(inherited)",
				);
				INFOPLIST_FILE = BuddiesTests/Info.plist;
				LD_RUNPATH_SEARCH_PATHS = "$(inherited) @executable_path/Frameworks @loader_path/Frameworks";
				PRODUCT_NAME = "$(TARGET_NAME)";
				TEST_HOST = "$(BUILT_PRODUCTS_DIR)/Buddies.app/Buddies";
			};
			name = Release;
		};
/* End XCBuildConfiguration section */

/* Begin XCConfigurationList section */
		46358BD21BA71F390014EE13 /* Build configuration list for PBXProject "Buddies" */ = {
			isa = XCConfigurationList;
			buildConfigurations = (
				46358BF41BA71F390014EE13 /* Debug */,
				46358BF51BA71F390014EE13 /* Release */,
			);
			defaultConfigurationIsVisible = 0;
			defaultConfigurationName = Release;
		};
		46358BF61BA71F390014EE13 /* Build configuration list for PBXNativeTarget "Buddies" */ = {
			isa = XCConfigurationList;
			buildConfigurations = (
				46358BF71BA71F390014EE13 /* Debug */,
				46358BF81BA71F390014EE13 /* Release */,
			);
			defaultConfigurationIsVisible = 0;
		};
		46358BF91BA71F390014EE13 /* Build configuration list for PBXNativeTarget "BuddiesTests" */ = {
			isa = XCConfigurationList;
			buildConfigurations = (
				46358BFA1BA71F390014EE13 /* Debug */,
				46358BFB1BA71F390014EE13 /* Release */,
			);
			defaultConfigurationIsVisible = 0;
		};
/* End XCConfigurationList section */
	};
	rootObject = 46358BCF1BA71F390014EE13 /* Project object */;
}
